
Microsoft Visual Studio Solution File, Format Version 12.00
# Visual Studio 14
VisualStudioVersion = 14.0.25420.1
MinimumVisualStudioVersion = 10.0.40219.1
Project("{FAE04EC0-301F-11D3-BF4B-00C04F79EFBC}") = "Assembly-Browser", "Assembly-Browser\Assembly-Browser.csproj", "{C048E229-CF4D-4E04-85A0-0860DCB703C2}"
EndProject
Project("{FAE04EC0-301F-11D3-BF4B-00C04F79EFBC}") = "AssemblyBrowser", "..\AssemblyInfo\AssemblyBrowser\AssemblyBrowser.csproj", "{06FB2BBC-A016-49F4-B6FD-51A6F591E37B}"
EndProject
Project("{FAE04EC0-301F-11D3-BF4B-00C04F79EFBC}") = "ViewModelAB", "ViewModelAB\ViewModelAB.csproj", "{FA27BCA9-AB7F-4A87-9CCF-779FEA1AD107}"
EndProject
Project("{FAE04EC0-301F-11D3-BF4B-00C04F79EFBC}") = "Assembly-Browser.Tests", "Tests\Assembly-Browser.Tests.csproj", "{C08C5D72-DBE3-4A7A-9890-BEEDD73D7506}"
EndProject
Project("{FAE04EC0-301F-11D3-BF4B-00C04F79EFBC}") = "testclasses", "testclasses\testclasses.csproj", "{8503BEC0-D215-4E21-BF02-856A990D5201}"
EndProject
Global
	GlobalSection(SolutionConfigurationPlatforms) = preSolution
		Debug|Any CPU = Debug|Any CPU
		Release|Any CPU = Release|Any CPU
	EndGlobalSection
	GlobalSection(ProjectConfigurationPlatforms) = postSolution
		{C048E229-CF4D-4E04-85A0-0860DCB703C2}.Debug|Any CPU.ActiveCfg = Debug|Any CPU
		{C048E229-CF4D-4E04-85A0-0860DCB703C2}.Debug|Any CPU.Build.0 = Debug|Any CPU
		{C048E229-CF4D-4E04-85A0-0860DCB703C2}.Release|Any CPU.ActiveCfg = Release|Any CPU
		{C048E229-CF4D-4E04-85A0-0860DCB703C2}.Release|Any CPU.Build.0 = Release|Any CPU
		{06FB2BBC-A016-49F4-B6FD-51A6F591E37B}.Debug|Any CPU.ActiveCfg = Debug|Any CPU
		{06FB2BBC-A016-49F4-B6FD-51A6F591E37B}.Debug|Any CPU.Build.0 = Debug|Any CPU
		{06FB2BBC-A016-49F4-B6FD-51A6F591E37B}.Release|Any CPU.ActiveCfg = Release|Any CPU
		{06FB2BBC-A016-49F4-B6FD-51A6F591E37B}.Release|Any CPU.Build.0 = Release|Any CPU
		{FA27BCA9-AB7F-4A87-9CCF-779FEA1AD107}.Debug|Any CPU.ActiveCfg = Debug|Any CPU
		{FA27BCA9-AB7F-4A87-9CCF-779FEA1AD107}.Debug|Any CPU.Build.0 = Debug|Any CPU
		{FA27BCA9-AB7F-4A87-9CCF-779FEA1AD107}.Release|Any CPU.ActiveCfg = Release|Any CPU
		{FA27BCA9-AB7F-4A87-9CCF-779FEA1AD107}.Release|Any CPU.Build.0 = Release|Any CPU
		{C08C5D72-DBE3-4A7A-9890-BEEDD73D7506}.Debug|Any CPU.ActiveCfg = Debug|Any CPU
		{C08C5D72-DBE3-4A7A-9890-BEEDD73D7506}.Debug|Any CPU.Build.0 = Debug|Any CPU
		{C08C5D72-DBE3-4A7A-9890-BEEDD73D7506}.Release|Any CPU.ActiveCfg = Release|Any CPU
		{C08C5D72-DBE3-4A7A-9890-BEEDD73D7506}.Release|Any CPU.Build.0 = Release|Any CPU
		{8503BEC0-D215-4E21-BF02-856A990D5201}.Debug|Any CPU.ActiveCfg = Debug|Any CPU
		{8503BEC0-D215-4E21-BF02-856A990D5201}.Debug|Any CPU.Build.0 = Debug|Any CPU
		{8503BEC0-D215-4E21-BF02-856A990D5201}.Release|Any CPU.ActiveCfg = Release|Any CPU
		{8503BEC0-D215-4E21-BF02-856A990D5201}.Release|Any CPU.Build.0 = Release|Any CPU
	EndGlobalSection
	GlobalSection(SolutionProperties) = preSolution
		HideSolutionNode = FALSE
	EndGlobalSection
EndGlobal
